
Microsoft Visual Studio Solution File, Format Version 12.00
# Visual Studio Version 17
VisualStudioVersion = 17.8.34525.116
MinimumVisualStudioVersion = 10.0.40219.1
Project("{FAE04EC0-301F-11D3-BF4B-00C04F79EFBC}") = "Popitka2", "Popitka2\Popitka2.csproj", "{CE1622C4-A7D6-4130-95D2-5D1D751AD491}"
EndProject
Global
	GlobalSection(SolutionConfigurationPlatforms) = preSolution
		Debug|Any CPU = Debug|Any CPU
		Release|Any CPU = Release|Any CPU
	EndGlobalSection
	GlobalSection(ProjectConfigurationPlatforms) = postSolution
		{CE1622C4-A7D6-4130-95D2-5D1D751AD491}.Debug|Any CPU.ActiveCfg = Debug|Any CPU
		{CE1622C4-A7D6-4130-95D2-5D1D751AD491}.Debug|Any CPU.Build.0 = Debug|Any CPU
		{CE1622C4-A7D6-4130-95D2-5D1D751AD491}.Release|Any CPU.ActiveCfg = Release|Any CPU
		{CE1622C4-A7D6-4130-95D2-5D1D751AD491}.Release|Any CPU.Build.0 = Release|Any CPU
	EndGlobalSection
	GlobalSection(SolutionProperties) = preSolution
		HideSolutionNode = FALSE
	EndGlobalSection
	GlobalSection(ExtensibilityGlobals) = postSolution
		SolutionGuid = {D44CB0F0-126A-4A87-AC9C-539E6CEB881C}
	EndGlobalSection
EndGlobal
